
Microsoft Visual Studio Solution File, Format Version 12.00
# Visual Studio 15
VisualStudioVersion = 15.0.28010.2019
MinimumVisualStudioVersion = 10.0.40219.1
Project("{9A19103F-16F7-4668-BE54-9A1E7A4F7556}") = "GhostPanel.Demo", "GhostPanel\GhostPanel.Demo.csproj", "{CC12D348-1389-4A26-A685-AC35798E23F4}"
EndProject
Project("{FAE04EC0-301F-11D3-BF4B-00C04F79EFBC}") = "UnitTests", "UnitTests\UnitTests.csproj", "{8918FA30-6E3A-4967-9204-39E46F6D7580}"
EndProject
Project("{FAE04EC0-301F-11D3-BF4B-00C04F79EFBC}") = "GhostPanel.Core", "GhostPanel.Core\GhostPanel.Core.csproj", "{645D84B8-1706-4B37-A39B-F92C27B100C4}"
EndProject
Project("{FAE04EC0-301F-11D3-BF4B-00C04F79EFBC}") = "GhostPanel.Db", "GhostPanel.Db\GhostPanel.Db.csproj", "{9B1A2315-23D3-4F96-A81C-C9E6BC019535}"
EndProject
Project("{FAE04EC0-301F-11D3-BF4B-00C04F79EFBC}") = "GhostPanel.Games.Protocol", "GhostPanel.Rcon\GhostPanel.Games.Protocol.csproj", "{7417E74F-2C5A-4E47-9E28-C841514F8EAC}"
EndProject
Project("{FAE04EC0-301F-11D3-BF4B-00C04F79EFBC}") = "GhostPanel.GameServer", "GhostPanel.GameServer\GhostPanel.GameServer.csproj", "{9136EF99-4192-476B-BDB1-D9387D5547A5}"
EndProject
Project("{FAE04EC0-301F-11D3-BF4B-00C04F79EFBC}") = "GhostPanel.Games", "GhostPanel.Games\GhostPanel.Games.csproj", "{7D3FC6E2-B100-43C8-8486-29F81352D278}"
EndProject
Global
	GlobalSection(SolutionConfigurationPlatforms) = preSolution
		Debug|Any CPU = Debug|Any CPU
		Release|Any CPU = Release|Any CPU
	EndGlobalSection
	GlobalSection(ProjectConfigurationPlatforms) = postSolution
		{CC12D348-1389-4A26-A685-AC35798E23F4}.Debug|Any CPU.ActiveCfg = Debug|Any CPU
		{CC12D348-1389-4A26-A685-AC35798E23F4}.Debug|Any CPU.Build.0 = Debug|Any CPU
		{CC12D348-1389-4A26-A685-AC35798E23F4}.Release|Any CPU.ActiveCfg = Release|Any CPU
		{CC12D348-1389-4A26-A685-AC35798E23F4}.Release|Any CPU.Build.0 = Release|Any CPU
		{8918FA30-6E3A-4967-9204-39E46F6D7580}.Debug|Any CPU.ActiveCfg = Debug|Any CPU
		{8918FA30-6E3A-4967-9204-39E46F6D7580}.Debug|Any CPU.Build.0 = Debug|Any CPU
		{8918FA30-6E3A-4967-9204-39E46F6D7580}.Release|Any CPU.ActiveCfg = Release|Any CPU
		{8918FA30-6E3A-4967-9204-39E46F6D7580}.Release|Any CPU.Build.0 = Release|Any CPU
		{645D84B8-1706-4B37-A39B-F92C27B100C4}.Debug|Any CPU.ActiveCfg = Debug|Any CPU
		{645D84B8-1706-4B37-A39B-F92C27B100C4}.Debug|Any CPU.Build.0 = Debug|Any CPU
		{645D84B8-1706-4B37-A39B-F92C27B100C4}.Release|Any CPU.ActiveCfg = Release|Any CPU
		{645D84B8-1706-4B37-A39B-F92C27B100C4}.Release|Any CPU.Build.0 = Release|Any CPU
		{9B1A2315-23D3-4F96-A81C-C9E6BC019535}.Debug|Any CPU.ActiveCfg = Debug|Any CPU
		{9B1A2315-23D3-4F96-A81C-C9E6BC019535}.Debug|Any CPU.Build.0 = Debug|Any CPU
		{9B1A2315-23D3-4F96-A81C-C9E6BC019535}.Release|Any CPU.ActiveCfg = Release|Any CPU
		{9B1A2315-23D3-4F96-A81C-C9E6BC019535}.Release|Any CPU.Build.0 = Release|Any CPU
		{7417E74F-2C5A-4E47-9E28-C841514F8EAC}.Debug|Any CPU.ActiveCfg = Debug|Any CPU
		{7417E74F-2C5A-4E47-9E28-C841514F8EAC}.Debug|Any CPU.Build.0 = Debug|Any CPU
		{7417E74F-2C5A-4E47-9E28-C841514F8EAC}.Release|Any CPU.ActiveCfg = Release|Any CPU
		{7417E74F-2C5A-4E47-9E28-C841514F8EAC}.Release|Any CPU.Build.0 = Release|Any CPU
		{9136EF99-4192-476B-BDB1-D9387D5547A5}.Debug|Any CPU.ActiveCfg = Debug|Any CPU
		{9136EF99-4192-476B-BDB1-D9387D5547A5}.Debug|Any CPU.Build.0 = Debug|Any CPU
		{9136EF99-4192-476B-BDB1-D9387D5547A5}.Release|Any CPU.ActiveCfg = Release|Any CPU
		{9136EF99-4192-476B-BDB1-D9387D5547A5}.Release|Any CPU.Build.0 = Release|Any CPU
		{7D3FC6E2-B100-43C8-8486-29F81352D278}.Debug|Any CPU.ActiveCfg = Debug|Any CPU
		{7D3FC6E2-B100-43C8-8486-29F81352D278}.Debug|Any CPU.Build.0 = Debug|Any CPU
		{7D3FC6E2-B100-43C8-8486-29F81352D278}.Release|Any CPU.ActiveCfg = Release|Any CPU
		{7D3FC6E2-B100-43C8-8486-29F81352D278}.Release|Any CPU.Build.0 = Release|Any CPU
	EndGlobalSection
	GlobalSection(SolutionProperties) = preSolution
		HideSolutionNode = FALSE
	EndGlobalSection
	GlobalSection(ExtensibilityGlobals) = postSolution
		SolutionGuid = {46D90B8F-C2D0-45D0-9AAE-D83FA6B137E4}
	EndGlobalSection
EndGlobal
